// !$*UTF8*$!
{
	archiveVersion = 1;
	classes = {
	};
	objectVersion = 55;
	objects = {

/* Begin PBXBuildFile section */
		A85B62F62956B8C1004E656A /* Display_ArrayApp.swift in Sources */ = {isa = PBXBuildFile; fileRef = A85B62F52956B8C1004E656A /* Display_ArrayApp.swift */; };
		A85B62F82956B8C1004E656A /* ContentView.swift in Sources */ = {isa = PBXBuildFile; fileRef = A85B62F72956B8C1004E656A /* ContentView.swift */; };
		A85B62FA2956B8C4004E656A /* Assets.xcassets in Resources */ = {isa = PBXBuildFile; fileRef = A85B62F92956B8C4004E656A /* Assets.xcassets */; };
		A85B62FD2956B8C4004E656A /* Preview Assets.xcassets in Resources */ = {isa = PBXBuildFile; fileRef = A85B62FC2956B8C4004E656A /* Preview Assets.xcassets */; };
		A85B63072956B8C5004E656A /* Display_ArrayTests.swift in Sources */ = {isa = PBXBuildFile; fileRef = A85B63062956B8C5004E656A /* Display_ArrayTests.swift */; };
		A85B63112956B8C5004E656A /* Display_ArrayUITests.swift in Sources */ = {isa = PBXBuildFile; fileRef = A85B63102956B8C5004E656A /* Display_ArrayUITests.swift */; };
		A85B63132956B8C5004E656A /* Display_ArrayUITestsLaunchTests.swift in Sources */ = {isa = PBXBuildFile; fileRef = A85B63122956B8C5004E656A /* Display_ArrayUITestsLaunchTests.swift */; };
/* End PBXBuildFile section */

/* Begin PBXContainerItemProxy section */
		A85B63032956B8C5004E656A /* PBXContainerItemProxy */ = {
			isa = PBXContainerItemProxy;
			containerPortal = A85B62EA2956B8C1004E656A /* Project object */;
			proxyType = 1;
			remoteGlobalIDString = A85B62F12956B8C1004E656A;
			remoteInfo = "Display Array";
		};
		A85B630D2956B8C5004E656A /* PBXContainerItemProxy */ = {
			isa = PBXContainerItemProxy;
			containerPortal = A85B62EA2956B8C1004E656A /* Project object */;
			proxyType = 1;
			remoteGlobalIDString = A85B62F12956B8C1004E656A;
			remoteInfo = "Display Array";
		};
/* End PBXContainerItemProxy section */

/* Begin PBXFileReference section */
		A85B62F22956B8C1004E656A /* Display Array.app */ = {isa = PBXFileReference; explicitFileType = wrapper.application; includeInIndex = 0; path = "Display Array.app"; sourceTree = BUILT_PRODUCTS_DIR; };
		A85B62F52956B8C1004E656A /* Display_ArrayApp.swift */ = {isa = PBXFileReference; lastKnownFileType = sourcecode.swift; path = Display_ArrayApp.swift; sourceTree = "<group>"; };
		A85B62F72956B8C1004E656A /* ContentView.swift */ = {isa = PBXFileReference; lastKnownFileType = sourcecode.swift; path = ContentView.swift; sourceTree = "<group>"; };
		A85B62F92956B8C4004E656A /* Assets.xcassets */ = {isa = PBXFileReference; lastKnownFileType = folder.assetcatalog; path = Assets.xcassets; sourceTree = "<group>"; };
		A85B62FC2956B8C4004E656A /* Preview Assets.xcassets */ = {isa = PBXFileReference; lastKnownFileType = folder.assetcatalog; path = "Preview Assets.xcassets"; sourceTree = "<group>"; };
		A85B63022956B8C5004E656A /* Display ArrayTests.xctest */ = {isa = PBXFileReference; explicitFileType = wrapper.cfbundle; includeInIndex = 0; path = "Display ArrayTests.xctest"; sourceTree = BUILT_PRODUCTS_DIR; };
		A85B63062956B8C5004E656A /* Display_ArrayTests.swift */ = {isa = PBXFileReference; lastKnownFileType = sourcecode.swift; path = Display_ArrayTests.swift; sourceTree = "<group>"; };
		A85B630C2956B8C5004E656A /* Display ArrayUITests.xctest */ = {isa = PBXFileReference; explicitFileType = wrapper.cfbundle; includeInIndex = 0; path = "Display ArrayUITests.xctest"; sourceTree = BUILT_PRODUCTS_DIR; };
		A85B63102956B8C5004E656A /* Display_ArrayUITests.swift */ = {isa = PBXFileReference; lastKnownFileType = sourcecode.swift; path = Display_ArrayUITests.swift; sourceTree = "<group>"; };
		A85B63122956B8C5004E656A /* Display_ArrayUITestsLaunchTests.swift */ = {isa = PBXFileReference; lastKnownFileType = sourcecode.swift; path = Display_ArrayUITestsLaunchTests.swift; sourceTree = "<group>"; };
/* End PBXFileReference section */

/* Begin PBXFrameworksBuildPhase section */
		A85B62EF2956B8C1004E656A /* Frameworks */ = {
			isa = PBXFrameworksBuildPhase;
			buildActionMask = 2147483647;
			files = (
			);
			runOnlyForDeploymentPostprocessing = 0;
		};
		A85B62FF2956B8C5004E656A /* Frameworks */ = {
			isa = PBXFrameworksBuildPhase;
			buildActionMask = 2147483647;
			files = (
			);
			runOnlyForDeploymentPostprocessing = 0;
		};
		A85B63092956B8C5004E656A /* Frameworks */ = {
			isa = PBXFrameworksBuildPhase;
			buildActionMask = 2147483647;
			files = (
			);
			runOnlyForDeploymentPostprocessing = 0;
		};
/* End PBXFrameworksBuildPhase section */

/* Begin PBXGroup section */
		A85B62E92956B8C1004E656A = {
			isa = PBXGroup;
			children = (
				A85B62F42956B8C1004E656A /* Display Array */,
				A85B63052956B8C5004E656A /* Display ArrayTests */,
				A85B630F2956B8C5004E656A /* Display ArrayUITests */,
				A85B62F32956B8C1004E656A /* Products */,
			);
			sourceTree = "<group>";
		};
		A85B62F32956B8C1004E656A /* Products */ = {
			isa = PBXGroup;
			children = (
				A85B62F22956B8C1004E656A /* Display Array.app */,
				A85B63022956B8C5004E656A /* Display ArrayTests.xctest */,
				A85B630C2956B8C5004E656A /* Display ArrayUITests.xctest */,
			);
			name = Products;
			sourceTree = "<group>";
		};
		A85B62F42956B8C1004E656A /* Display Array */ = {
			isa = PBXGroup;
			children = (
				A85B62F52956B8C1004E656A /* Display_ArrayApp.swift */,
				A85B62F72956B8C1004E656A /* ContentView.swift */,
				A85B62F92956B8C4004E656A /* Assets.xcassets */,
				A85B62FB2956B8C4004E656A /* Preview Content */,
			);
			path = "Display Array";
			sourceTree = "<group>";
		};
		A85B62FB2956B8C4004E656A /* Preview Content */ = {
			isa = PBXGroup;
			children = (
				A85B62FC2956B8C4004E656A /* Preview Assets.xcassets */,
			);
			path = "Preview Content";
			sourceTree = "<group>";
		};
		A85B63052956B8C5004E656A /* Display ArrayTests */ = {
			isa = PBXGroup;
			children = (
				A85B63062956B8C5004E656A /* Display_ArrayTests.swift */,
			);
			path = "Display ArrayTests";
			sourceTree = "<group>";
		};
		A85B630F2956B8C5004E656A /* Display ArrayUITests */ = {
			isa = PBXGroup;
			children = (
				A85B63102956B8C5004E656A /* Display_ArrayUITests.swift */,
				A85B63122956B8C5004E656A /* Display_ArrayUITestsLaunchTests.swift */,
			);
			path = "Display ArrayUITests";
			sourceTree = "<group>";
		};
/* End PBXGroup section */

/* Begin PBXNativeTarget section */
		A85B62F12956B8C1004E656A /* Display Array */ = {
			isa = PBXNativeTarget;
			buildConfigurationList = A85B63162956B8C5004E656A /* Build configuration list for PBXNativeTarget "Display Array" */;
			buildPhases = (
				A85B62EE2956B8C1004E656A /* Sources */,
				A85B62EF2956B8C1004E656A /* Frameworks */,
				A85B62F02956B8C1004E656A /* Resources */,
			);
			buildRules = (
			);
			dependencies = (
			);
			name = "Display Array";
			productName = "Display Array";
			productReference = A85B62F22956B8C1004E656A /* Display Array.app */;
			productType = "com.apple.product-type.application";
		};
		A85B63012956B8C5004E656A /* Display ArrayTests */ = {
			isa = PBXNativeTarget;
			buildConfigurationList = A85B63192956B8C5004E656A /* Build configuration list for PBXNativeTarget "Display ArrayTests" */;
			buildPhases = (
				A85B62FE2956B8C5004E656A /* Sources */,
				A85B62FF2956B8C5004E656A /* Frameworks */,
				A85B63002956B8C5004E656A /* Resources */,
			);
			buildRules = (
			);
			dependencies = (
				A85B63042956B8C5004E656A /* PBXTargetDependency */,
			);
			name = "Display ArrayTests";
			productName = "Display ArrayTests";
			productReference = A85B63022956B8C5004E656A /* Display ArrayTests.xctest */;
			productType = "com.apple.product-type.bundle.unit-test";
		};
		A85B630B2956B8C5004E656A /* Display ArrayUITests */ = {
			isa = PBXNativeTarget;
			buildConfigurationList = A85B631C2956B8C5004E656A /* Build configuration list for PBXNativeTarget "Display ArrayUITests" */;
			buildPhases = (
				A85B63082956B8C5004E656A /* Sources */,
				A85B63092956B8C5004E656A /* Frameworks */,
				A85B630A2956B8C5004E656A /* Resources */,
			);
			buildRules = (
			);
			dependencies = (
				A85B630E2956B8C5004E656A /* PBXTargetDependency */,
			);
			name = "Display ArrayUITests";
			productName = "Display ArrayUITests";
			productReference = A85B630C2956B8C5004E656A /* Display ArrayUITests.xctest */;
			productType = "com.apple.product-type.bundle.ui-testing";
		};
/* End PBXNativeTarget section */

/* Begin PBXProject section */
		A85B62EA2956B8C1004E656A /* Project object */ = {
			isa = PBXProject;
			attributes = {
				BuildIndependentTargetsInParallel = 1;
				LastSwiftUpdateCheck = 1340;
				LastUpgradeCheck = 1340;
				TargetAttributes = {
					A85B62F12956B8C1004E656A = {
						CreatedOnToolsVersion = 13.4.1;
					};
					A85B63012956B8C5004E656A = {
						CreatedOnToolsVersion = 13.4.1;
						TestTargetID = A85B62F12956B8C1004E656A;
					};
					A85B630B2956B8C5004E656A = {
						CreatedOnToolsVersion = 13.4.1;
						TestTargetID = A85B62F12956B8C1004E656A;
					};
				};
			};
			buildConfigurationList = A85B62ED2956B8C1004E656A /* Build configuration list for PBXProject "Display Array" */;
			compatibilityVersion = "Xcode 13.0";
			developmentRegion = en;
			hasScannedForEncodings = 0;
			knownRegions = (
				en,
				Base,
			);
			mainGroup = A85B62E92956B8C1004E656A;
			productRefGroup = A85B62F32956B8C1004E656A /* Products */;
			projectDirPath = "";
			projectRoot = "";
			targets = (
				A85B62F12956B8C1004E656A /* Display Array */,
				A85B63012956B8C5004E656A /* Display ArrayTests */,
				A85B630B2956B8C5004E656A /* Display ArrayUITests */,
			);
		};
/* End PBXProject section */

/* Begin PBXResourcesBuildPhase section */
		A85B62F02956B8C1004E656A /* Resources */ = {
			isa = PBXResourcesBuildPhase;
			buildActionMask = 2147483647;
			files = (
				A85B62FD2956B8C4004E656A /* Preview Assets.xcassets in Resources */,
				A85B62FA2956B8C4004E656A /* Assets.xcassets in Resources */,
			);
			runOnlyForDeploymentPostprocessing = 0;
		};
		A85B63002956B8C5004E656A /* Resources */ = {
			isa = PBXResourcesBuildPhase;
			buildActionMask = 2147483647;
			files = (
			);
			runOnlyForDeploymentPostprocessing = 0;
		};
		A85B630A2956B8C5004E656A /* Resources */ = {
			isa = PBXResourcesBuildPhase;
			buildActionMask = 2147483647;
			files = (
			);
			runOnlyForDeploymentPostprocessing = 0;
		};
/* End PBXResourcesBuildPhase section */

/* Begin PBXSourcesBuildPhase section */
		A85B62EE2956B8C1004E656A /* Sources */ = {
			isa = PBXSourcesBuildPhase;
			buildActionMask = 2147483647;
			files = (
				A85B62F82956B8C1004E656A /* ContentView.swift in Sources */,
				A85B62F62956B8C1004E656A /* Display_ArrayApp.swift in Sources */,
			);
			runOnlyForDeploymentPostprocessing = 0;
		};
		A85B62FE2956B8C5004E656A /* Sources */ = {
			isa = PBXSourcesBuildPhase;
			buildActionMask = 2147483647;
			files = (
				A85B63072956B8C5004E656A /* Display_ArrayTests.swift in Sources */,
			);
			runOnlyForDeploymentPostprocessing = 0;
		};
		A85B63082956B8C5004E656A /* Sources */ = {
			isa = PBXSourcesBuildPhase;
			buildActionMask = 2147483647;
			files = (
				A85B63112956B8C5004E656A /* Display_ArrayUITests.swift in Sources */,
				A85B63132956B8C5004E656A /* Display_ArrayUITestsLaunchTests.swift in Sources */,
			);
			runOnlyForDeploymentPostprocessing = 0;
		};
/* End PBXSourcesBuildPhase section */

/* Begin PBXTargetDependency section */
		A85B63042956B8C5004E656A /* PBXTargetDependency */ = {
			isa = PBXTargetDependency;
			target = A85B62F12956B8C1004E656A /* Display Array */;
			targetProxy = A85B63032956B8C5004E656A /* PBXContainerItemProxy */;
		};
		A85B630E2956B8C5004E656A /* PBXTargetDependency */ = {
			isa = PBXTargetDependency;
			target = A85B62F12956B8C1004E656A /* Display Array */;
			targetProxy = A85B630D2956B8C5004E656A /* PBXContainerItemProxy */;
		};
/* End PBXTargetDependency section */

/* Begin XCBuildConfiguration section */
		A85B63142956B8C5004E656A /* Debug */ = {
			isa = XCBuildConfiguration;
			buildSettings = {
				ALWAYS_SEARCH_USER_PATHS = NO;
				CLANG_ANALYZER_NONNULL = YES;
				CLANG_ANALYZER_NUMBER_OBJECT_CONVERSION = YES_AGGRESSIVE;
				CLANG_CXX_LANGUAGE_STANDARD = "gnu++17";
				CLANG_ENABLE_MODULES = YES;
				CLANG_ENABLE_OBJC_ARC = YES;
				CLANG_ENABLE_OBJC_WEAK = YES;
				CLANG_WARN_BLOCK_CAPTURE_AUTORELEASING = YES;
				CLANG_WARN_BOOL_CONVERSION = YES;
				CLANG_WARN_COMMA = YES;
				CLANG_WARN_CONSTANT_CONVERSION = YES;
				CLANG_WARN_DEPRECATED_OBJC_IMPLEMENTATIONS = YES;
				CLANG_WARN_DIRECT_OBJC_ISA_USAGE = YES_ERROR;
				CLANG_WARN_DOCUMENTATION_COMMENTS = YES;
				CLANG_WARN_EMPTY_BODY = YES;
				CLANG_WARN_ENUM_CONVERSION = YES;
				CLANG_WARN_INFINITE_RECURSION = YES;
				CLANG_WARN_INT_CONVERSION = YES;
				CLANG_WARN_NON_LITERAL_NULL_CONVERSION = YES;
				CLANG_WARN_OBJC_IMPLICIT_RETAIN_SELF = YES;
				CLANG_WARN_OBJC_LITERAL_CONVERSION = YES;
				CLANG_WARN_OBJC_ROOT_CLASS = YES_ERROR;
				CLANG_WARN_QUOTED_INCLUDE_IN_FRAMEWORK_HEADER = YES;
				CLANG_WARN_RANGE_LOOP_ANALYSIS = YES;
				CLANG_WARN_STRICT_PROTOTYPES = YES;
				CLANG_WARN_SUSPICIOUS_MOVE = YES;
				CLANG_WARN_UNGUARDED_AVAILABILITY = YES_AGGRESSIVE;
				CLANG_WARN_UNREACHABLE_CODE = YES;
				CLANG_WARN__DUPLICATE_METHOD_MATCH = YES;
				COPY_PHASE_STRIP = NO;
				DEBUG_INFORMATION_FORMAT = dwarf;
				ENABLE_STRICT_OBJC_MSGSEND = YES;
				ENABLE_TESTABILITY = YES;
				GCC_C_LANGUAGE_STANDARD = gnu11;
				GCC_DYNAMIC_NO_PIC = NO;
				GCC_NO_COMMON_BLOCKS = YES;
				GCC_OPTIMIZATION_LEVEL = 0;
				GCC_PREPROCESSOR_DEFINITIONS = (
					"DEBUG=1",
					"$(inherited)",
				);
				GCC_WARN_64_TO_32_BIT_CONVERSION = YES;
				GCC_WARN_ABOUT_RETURN_TYPE = YES_ERROR;
				GCC_WARN_UNDECLARED_SELECTOR = YES;
				GCC_WARN_UNINITIALIZED_AUTOS = YES_AGGRESSIVE;
				GCC_WARN_UNUSED_FUNCTION = YES;
				GCC_WARN_UNUSED_VARIABLE = YES;
				IPHONEOS_DEPLOYMENT_TARGET = 15.5;
				MTL_ENABLE_DEBUG_INFO = INCLUDE_SOURCE;
				MTL_FAST_MATH = YES;
				ONLY_ACTIVE_ARCH = YES;
				SDKROOT = iphoneos;
				SWIFT_ACTIVE_COMPILATION_CONDITIONS = DEBUG;
				SWIFT_OPTIMIZATION_LEVEL = "-Onone";
			};
			name = Debug;
		};
		A85B63152956B8C5004E656A /* Release */ = {
			isa = XCBuildConfiguration;
			buildSettings = {
				ALWAYS_SEARCH_USER_PATHS = NO;
				CLANG_ANALYZER_NONNULL = YES;
				CLANG_ANALYZER_NUMBER_OBJECT_CONVERSION = YES_AGGRESSIVE;
				CLANG_CXX_LANGUAGE_STANDARD = "gnu++17";
				CLANG_ENABLE_MODULES = YES;
				CLANG_ENABLE_OBJC_ARC = YES;
				CLANG_ENABLE_OBJC_WEAK = YES;
				CLANG_WARN_BLOCK_CAPTURE_AUTORELEASING = YES;
				CLANG_WARN_BOOL_CONVERSION = YES;
				CLANG_WARN_COMMA = YES;
				CLANG_WARN_CONSTANT_CONVERSION = YES;
				CLANG_WARN_DEPRECATED_OBJC_IMPLEMENTATIONS = YES;
				CLANG_WARN_DIRECT_OBJC_ISA_USAGE = YES_ERROR;
				CLANG_WARN_DOCUMENTATION_COMMENTS = YES;
				CLANG_WARN_EMPTY_BODY = YES;
				CLANG_WARN_ENUM_CONVERSION = YES;
				CLANG_WARN_INFINITE_RECURSION = YES;
				CLANG_WARN_INT_CONVERSION = YES;
				CLANG_WARN_NON_LITERAL_NULL_CONVERSION = YES;
				CLANG_WARN_OBJC_IMPLICIT_RETAIN_SELF = YES;
				CLANG_WARN_OBJC_LITERAL_CONVERSION = YES;
				CLANG_WARN_OBJC_ROOT_CLASS = YES_ERROR;
				CLANG_WARN_QUOTED_INCLUDE_IN_FRAMEWORK_HEADER = YES;
				CLANG_WARN_RANGE_LOOP_ANALYSIS = YES;
				CLANG_WARN_STRICT_PROTOTYPES = YES;
				CLANG_WARN_SUSPICIOUS_MOVE = YES;
				CLANG_WARN_UNGUARDED_AVAILABILITY = YES_AGGRESSIVE;
				CLANG_WARN_UNREACHABLE_CODE = YES;
				CLANG_WARN__DUPLICATE_METHOD_MATCH = YES;
				COPY_PHASE_STRIP = NO;
				DEBUG_INFORMATION_FORMAT = "dwarf-with-dsym";
				ENABLE_NS_ASSERTIONS = NO;
				ENABLE_STRICT_OBJC_MSGSEND = YES;
				GCC_C_LANGUAGE_STANDARD = gnu11;
				GCC_NO_COMMON_BLOCKS = YES;
				GCC_WARN_64_TO_32_BIT_CONVERSION = YES;
				GCC_WARN_ABOUT_RETURN_TYPE = YES_ERROR;
				GCC_WARN_UNDECLARED_SELECTOR = YES;
				GCC_WARN_UNINITIALIZED_AUTOS = YES_AGGRESSIVE;
				GCC_WARN_UNUSED_FUNCTION = YES;
				GCC_WARN_UNUSED_VARIABLE = YES;
				IPHONEOS_DEPLOYMENT_TARGET = 15.5;
				MTL_ENABLE_DEBUG_INFO = NO;
				MTL_FAST_MATH = YES;
				SDKROOT = iphoneos;
				SWIFT_COMPILATION_MODE = wholemodule;
				SWIFT_OPTIMIZATION_LEVEL = "-O";
				VALIDATE_PRODUCT = YES;
			};
			name = Release;
		};
		A85B63172956B8C5004E656A /* Debug */ = {
			isa = XCBuildConfiguration;
			buildSettings = {
				ASSETCATALOG_COMPILER_APPICON_NAME = AppIcon;
				ASSETCATALOG_COMPILER_GLOBAL_ACCENT_COLOR_NAME = AccentColor;
				CODE_SIGN_STYLE = Automatic;
				CURRENT_PROJECT_VERSION = 1;
				DEVELOPMENT_ASSET_PATHS = "\"Display Array/Preview Content\"";
				ENABLE_PREVIEWS = YES;
				GENERATE_INFOPLIST_FILE = YES;
				INFOPLIST_KEY_UIApplicationSceneManifest_Generation = YES;
				INFOPLIST_KEY_UIApplicationSupportsIndirectInputEvents = YES;
				INFOPLIST_KEY_UILaunchScreen_Generation = YES;
				INFOPLIST_KEY_UISupportedInterfaceOrientations_iPad = "UIInterfaceOrientationPortrait UIInterfaceOrientationPortraitUpsideDown UIInterfaceOrientationLandscapeLeft UIInterfaceOrientationLandscapeRight";
				INFOPLIST_KEY_UISupportedInterfaceOrientations_iPhone = "UIInterfaceOrientationPortrait UIInterfaceOrientationLandscapeLeft UIInterfaceOrientationLandscapeRight";
				LD_RUNPATH_SEARCH_PATHS = (
					"$(inherited)",
					"@executable_path/Frameworks",
				);
				MARKETING_VERSION = 1.0;
				PRODUCT_BUNDLE_IDENTIFIER = "nimapinfotech.Display-Array";
				PRODUCT_NAME = "$(TARGET_NAME)";
				SWIFT_EMIT_LOC_STRINGS = YES;
				SWIFT_VERSION = 5.0;
				TARGETED_DEVICE_FAMILY = "1,2";
			};
			name = Debug;
		};
		A85B63182956B8C5004E656A /* Release */ = {
			isa = XCBuildConfiguration;
			buildSettings = {
				ASSETCATALOG_COMPILER_APPICON_NAME = AppIcon;
				ASSETCATALOG_COMPILER_GLOBAL_ACCENT_COLOR_NAME = AccentColor;
				CODE_SIGN_STYLE = Automatic;
				CURRENT_PROJECT_VERSION = 1;
				DEVELOPMENT_ASSET_PATHS = "\"Display Array/Preview Content\"";
				ENABLE_PREVIEWS = YES;
				GENERATE_INFOPLIST_FILE = YES;
				INFOPLIST_KEY_UIApplicationSceneManifest_Generation = YES;
				INFOPLIST_KEY_UIApplicationSupportsIndirectInputEvents = YES;
				INFOPLIST_KEY_UILaunchScreen_Generation = YES;
				INFOPLIST_KEY_UISupportedInterfaceOrientations_iPad = "UIInterfaceOrientationPortrait UIInterfaceOrientationPortraitUpsideDown UIInterfaceOrientationLandscapeLeft UIInterfaceOrientationLandscapeRight";
				INFOPLIST_KEY_UISupportedInterfaceOrientations_iPhone = "UIInterfaceOrientationPortrait UIInterfaceOrientationLandscapeLeft UIInterfaceOrientationLandscapeRight";
				LD_RUNPATH_SEARCH_PATHS = (
					"$(inherited)",
					"@executable_path/Frameworks",
				);
				MARKETING_VERSION = 1.0;
				PRODUCT_BUNDLE_IDENTIFIER = "nimapinfotech.Display-Array";
				PRODUCT_NAME = "$(TARGET_NAME)";
				SWIFT_EMIT_LOC_STRINGS = YES;
				SWIFT_VERSION = 5.0;
				TARGETED_DEVICE_FAMILY = "1,2";
			};
			name = Release;
		};
		A85B631A2956B8C5004E656A /* Debug */ = {
			isa = XCBuildConfiguration;
			buildSettings = {
				ALWAYS_EMBED_SWIFT_STANDARD_LIBRARIES = YES;
				BUNDLE_LOADER = "$(TEST_HOST)";
				CODE_SIGN_STYLE = Automatic;
				CURRENT_PROJECT_VERSION = 1;
				GENERATE_INFOPLIST_FILE = YES;
				IPHONEOS_DEPLOYMENT_TARGET = 15.5;
				MARKETING_VERSION = 1.0;
				PRODUCT_BUNDLE_IDENTIFIER = "nimapinfotech.Display-ArrayTests";
				PRODUCT_NAME = "$(TARGET_NAME)";
				SWIFT_EMIT_LOC_STRINGS = NO;
				SWIFT_VERSION = 5.0;
				TARGETED_DEVICE_FAMILY = "1,2";
				TEST_HOST = "$(BUILT_PRODUCTS_DIR)/Display Array.app/Display Array";
			};
			name = Debug;
		};
		A85B631B2956B8C5004E656A /* Release */ = {
			isa = XCBuildConfiguration;
			buildSettings = {
				ALWAYS_EMBED_SWIFT_STANDARD_LIBRARIES = YES;
				BUNDLE_LOADER = "$(TEST_HOST)";
				CODE_SIGN_STYLE = Automatic;
				CURRENT_PROJECT_VERSION = 1;
				GENERATE_INFOPLIST_FILE = YES;
				IPHONEOS_DEPLOYMENT_TARGET = 15.5;
				MARKETING_VERSION = 1.0;
				PRODUCT_BUNDLE_IDENTIFIER = "nimapinfotech.Display-ArrayTests";
				PRODUCT_NAME = "$(TARGET_NAME)";
				SWIFT_EMIT_LOC_STRINGS = NO;
				SWIFT_VERSION = 5.0;
				TARGETED_DEVICE_FAMILY = "1,2";
				TEST_HOST = "$(BUILT_PRODUCTS_DIR)/Display Array.app/Display Array";
			};
			name = Release;
		};
		A85B631D2956B8C5004E656A /* Debug */ = {
			isa = XCBuildConfiguration;
			buildSettings = {
				ALWAYS_EMBED_SWIFT_STANDARD_LIBRARIES = YES;
				CODE_SIGN_STYLE = Automatic;
				CURRENT_PROJECT_VERSION = 1;
				GENERATE_INFOPLIST_FILE = YES;
				MARKETING_VERSION = 1.0;
				PRODUCT_BUNDLE_IDENTIFIER = "nimapinfotech.Display-ArrayUITests";
				PRODUCT_NAME = "$(TARGET_NAME)";
				SWIFT_EMIT_LOC_STRINGS = NO;
				SWIFT_VERSION = 5.0;
				TARGETED_DEVICE_FAMILY = "1,2";
				TEST_TARGET_NAME = "Display Array";
			};
			name = Debug;
		};
		A85B631E2956B8C5004E656A /* Release */ = {
			isa = XCBuildConfiguration;
			buildSettings = {
				ALWAYS_EMBED_SWIFT_STANDARD_LIBRARIES = YES;
				CODE_SIGN_STYLE = Automatic;
				CURRENT_PROJECT_VERSION = 1;
				GENERATE_INFOPLIST_FILE = YES;
				MARKETING_VERSION = 1.0;
				PRODUCT_BUNDLE_IDENTIFIER = "nimapinfotech.Display-ArrayUITests";
				PRODUCT_NAME = "$(TARGET_NAME)";
				SWIFT_EMIT_LOC_STRINGS = NO;
				SWIFT_VERSION = 5.0;
				TARGETED_DEVICE_FAMILY = "1,2";
				TEST_TARGET_NAME = "Display Array";
			};
			name = Release;
		};
/* End XCBuildConfiguration section */

/* Begin XCConfigurationList section */
		A85B62ED2956B8C1004E656A /* Build configuration list for PBXProject "Display Array" */ = {
			isa = XCConfigurationList;
			buildConfigurations = (
				A85B63142956B8C5004E656A /* Debug */,
				A85B63152956B8C5004E656A /* Release */,
			);
			defaultConfigurationIsVisible = 0;
			defaultConfigurationName = Release;
		};
		A85B63162956B8C5004E656A /* Build configuration list for PBXNativeTarget "Display Array" */ = {
			isa = XCConfigurationList;
			buildConfigurations = (
				A85B63172956B8C5004E656A /* Debug */,
				A85B63182956B8C5004E656A /* Release */,
			);
			defaultConfigurationIsVisible = 0;
			defaultConfigurationName = Release;
		};
		A85B63192956B8C5004E656A /* Build configuration list for PBXNativeTarget "Display ArrayTests" */ = {
			isa = XCConfigurationList;
			buildConfigurations = (
				A85B631A2956B8C5004E656A /* Debug */,
				A85B631B2956B8C5004E656A /* Release */,
			);
			defaultConfigurationIsVisible = 0;
			defaultConfigurationName = Release;
		};
		A85B631C2956B8C5004E656A /* Build configuration list for PBXNativeTarget "Display ArrayUITests" */ = {
			isa = XCConfigurationList;
			buildConfigurations = (
				A85B631D2956B8C5004E656A /* Debug */,
				A85B631E2956B8C5004E656A /* Release */,
			);
			defaultConfigurationIsVisible = 0;
			defaultConfigurationName = Release;
		};
/* End XCConfigurationList section */
	};
	rootObject = A85B62EA2956B8C1004E656A /* Project object */;
}
